github.com/deepflowio/deepflow-wasm-go-sdk v0.0.0-20240228064431-d05daaa99d08 h1:xKkURwVOU5SXRoQKvd3tG9ltNCOu2fxhazhw0GI1waA=
github.com/deepflowio/deepflow-wasm-go-sdk v0.0.0-20240228064431-d05daaa99d08/go.mod h1:G/KqcNcqz3Vy6N/dz1w5VXCdUJvG1Wmx3zQt/wc19/4=
github.com/google/go-cmp v0.5.5 h1:Khx7svrCpmxxtHBq5j2mp/xVjsi8hQMfNLvJFAlrGgU=
golang.org/x/xerrors v0.0.0-20191204190536-9bdfabe68543 h1:E7g+9GITq07hpfrRu66IVDexMakfv52eLZ2CXBWiKr4=
google.golang.org/protobuf v1.33.0 h1:uNO2rsAINq/JlFpSdYEKIZ0uKD/R9cpdv0T+yoGwGmI=
google.golang.org/protobuf v1.33.0/go.mod h1:c6P6GXX6sHbq/GpV6MGZEdwhWPcYBgnhAHhKbcUYpos=
